uuid: 498a80d6-0fd3-41d3-9051-a5a128875714
langcode: en
status: true
dependencies:
  module:
    - cdp_copyright
  theme:
    - cb_tasker
id: copyrightblock
theme: cb_tasker
region: footer
weight: -2
provider: null
plugin: cdp_copyright
settings:
  id: cdp_copyright
  label: 'Copyright block'
  provider: cdp_copyright
  label_display: ''
  company_name: 'Code Bakers'
  year_start: '2019'
  year_to: ''
  site_url: 'https://codebakers.lt/'
visibility: {  }
